
Microsoft Visual Studio Solution File, Format Version 12.00
# Visual Studio Version 17
VisualStudioVersion = 17.5.33424.131
MinimumVisualStudioVersion = 10.0.40219.1
Project("{FAE04EC0-301F-11D3-BF4B-00C04F79EFBC}") = "LearningOOP", "LearningOOP\LearningOOP.csproj", "{55E5F8B6-98B3-4379-85A6-650787237766}"
EndProject
Global
	GlobalSection(SolutionConfigurationPlatforms) = preSolution
		Debug|Any CPU = Debug|Any CPU
		Release|Any CPU = Release|Any CPU
	EndGlobalSection
	GlobalSection(ProjectConfigurationPlatforms) = postSolution
		{55E5F8B6-98B3-4379-85A6-650787237766}.Debug|Any CPU.ActiveCfg = Debug|Any CPU
		{55E5F8B6-98B3-4379-85A6-650787237766}.Debug|Any CPU.Build.0 = Debug|Any CPU
		{55E5F8B6-98B3-4379-85A6-650787237766}.Release|Any CPU.ActiveCfg = Release|Any CPU
		{55E5F8B6-98B3-4379-85A6-650787237766}.Release|Any CPU.Build.0 = Release|Any CPU
	EndGlobalSection
	GlobalSection(SolutionProperties) = preSolution
		HideSolutionNode = FALSE
	EndGlobalSection
	GlobalSection(ExtensibilityGlobals) = postSolution
		SolutionGuid = {FDBBC5BC-8122-487C-BB39-E6C1996ACEC3}
	EndGlobalSection
EndGlobal
