
Microsoft Visual Studio Solution File, Format Version 12.00
# Visual Studio Version 17
VisualStudioVersion = 17.5.33424.131
MinimumVisualStudioVersion = 10.0.40219.1
Project("{2150E333-8FDC-42A3-9474-1A3956D46DE8}") = "20230303", "20230303", "{BA4F3847-740D-44BC-A5F3-6F0B34E07A27}"
EndProject
Project("{2150E333-8FDC-42A3-9474-1A3956D46DE8}") = "20230306", "20230306", "{F6B9C4D8-1516-40EB-9109-4A88E0BBAD1C}"
EndProject
Project("{2150E333-8FDC-42A3-9474-1A3956D46DE8}") = "20230307", "20230307", "{0BB12814-0DE9-4999-B28D-B6AE61941FFA}"
EndProject
Project("{2150E333-8FDC-42A3-9474-1A3956D46DE8}") = "Themen", "Themen", "{EAADB60E-090C-43C3-BDAF-7226B345604A}"
EndProject
Project("{9A19103F-16F7-4668-BE54-9A1E7A4F7556}") = "Konstruktoren", "Konstruktoren\Konstruktoren.csproj", "{46C8C1DE-0C31-4D94-B8EF-5A5F1D4D6761}"
EndProject
Project("{9A19103F-16F7-4668-BE54-9A1E7A4F7556}") = "Static", "Static\Static.csproj", "{A89274B0-C7BF-4EBC-A4EA-AE07A3A3A8C1}"
EndProject
Project("{9A19103F-16F7-4668-BE54-9A1E7A4F7556}") = "This", "This\This.csproj", "{BCEBDACE-1E29-4A49-AC3E-0CAA5B31A452}"
EndProject
Project("{2150E333-8FDC-42A3-9474-1A3956D46DE8}") = "20230309", "20230309", "{B73D753A-5BB2-4728-B6C2-374F8D284E5B}"
EndProject
Project("{2150E333-8FDC-42A3-9474-1A3956D46DE8}") = "20230310", "20230310", "{5F54564F-D562-41D2-8A63-B8EF68240F08}"
EndProject
Project("{2150E333-8FDC-42A3-9474-1A3956D46DE8}") = "20230313", "20230313", "{37C39F6E-E5E1-411B-B6B0-7CB5FA94A920}"
EndProject
Project("{9A19103F-16F7-4668-BE54-9A1E7A4F7556}") = "Aufgabe.Methodenwahnsinn", "Aufgabe.Methodenwahnsinn\Aufgabe.Methodenwahnsinn.csproj", "{941AA7D2-E97A-447E-89E5-948FD954641B}"
EndProject
Project("{9A19103F-16F7-4668-BE54-9A1E7A4F7556}") = "Aufgabe.Papier", "Aufgabe.Papier\Aufgabe.Papier.csproj", "{2A01BC0B-B6CD-44F4-9E28-AB1E88622CA3}"
EndProject
Project("{9A19103F-16F7-4668-BE54-9A1E7A4F7556}") = "Aufgabe.Parkplatz", "Aufgabe.Parkplatz\Aufgabe.Parkplatz.csproj", "{BD587038-292B-4733-874E-7795844D585C}"
EndProject
Project("{9A19103F-16F7-4668-BE54-9A1E7A4F7556}") = "Aufgabe.Person", "Aufgabe.Person\Aufgabe.Person.csproj", "{C0C9E8D3-192C-45BF-870B-330CE64DEA2A}"
EndProject
Project("{9A19103F-16F7-4668-BE54-9A1E7A4F7556}") = "Aufgabe.Spielerkader", "Aufgabe.Spielerkader\Aufgabe.Spielerkader.csproj", "{86A82528-D162-42D7-BF34-BC75CB0C39AD}"
EndProject
Project("{9A19103F-16F7-4668-BE54-9A1E7A4F7556}") = "Aufgabe.Sweatshirt", "Aufgabe.Sweatshirt\Aufgabe.Sweatshirt.csproj", "{E22C96FA-F8C8-47D0-8C3B-C57720DE52AF}"
EndProject
Project("{9A19103F-16F7-4668-BE54-9A1E7A4F7556}") = "Beispiel.Abhaengigkeiten", "Beispiel.Abhaengigkeiten\Beispiel.Abhaengigkeiten.csproj", "{178C2324-4CC2-46E3-B8AC-BB449EC20A8F}"
EndProject
Project("{9A19103F-16F7-4668-BE54-9A1E7A4F7556}") = "Beispiel.Aggregation", "Beispiel.Aggregation\Beispiel.Aggregation.csproj", "{1E7F788C-032B-43F8-A117-BAD4197F5236}"
EndProject
Project("{9A19103F-16F7-4668-BE54-9A1E7A4F7556}") = "Beispiel.Assoziation", "Beispiel.Assoziation\Beispiel.Assoziation.csproj", "{A35F66C1-6290-4DE0-9217-836D3BD4D203}"
EndProject
Project("{9A19103F-16F7-4668-BE54-9A1E7A4F7556}") = "Beispiel.Komposition", "Beispiel.Komposition\Beispiel.Komposition.csproj", "{0E918439-A62C-4E96-B616-1B197615CD42}"
EndProject
Project("{9A19103F-16F7-4668-BE54-9A1E7A4F7556}") = "Aufgabe.Studentendatenbank", "Aufgabe.Studentendatenbank\Aufgabe.Studentendatenbank.csproj", "{E4390933-1FFC-44CA-ADBC-60C59D92D00A}"
EndProject
Project("{9A19103F-16F7-4668-BE54-9A1E7A4F7556}") = "Aufgabe.TV", "Aufgabe.TV\Aufgabe.TV.csproj", "{290C67BE-F3DA-4071-BB48-13C5B34768EF}"
EndProject
Project("{9A19103F-16F7-4668-BE54-9A1E7A4F7556}") = "Aufgabe.Warenhaus", "Aufgabe.Warenhaus\Aufgabe.Warenhaus.csproj", "{44BC5653-DCA2-4808-B6CF-47E9FECA6AA5}"
EndProject
Project("{2150E333-8FDC-42A3-9474-1A3956D46DE8}") = "20230316", "20230316", "{F8A23B16-A518-4AC9-BC1D-478A0857A5AE}"
EndProject
Project("{9A19103F-16F7-4668-BE54-9A1E7A4F7556}") = "Beispiel.Vererbung", "Beispiel.Vererbung\Beispiel.Vererbung.csproj", "{6C8C648E-2B6F-466D-A9BB-F05EF6D06F43}"
EndProject
Project("{9A19103F-16F7-4668-BE54-9A1E7A4F7556}") = "Aufgabe.Simpsons", "Aufgabe.Simpsons\Aufgabe.Simpsons.csproj", "{0068BD6C-628F-4589-AC56-C718945C9B43}"
EndProject
Project("{2150E333-8FDC-42A3-9474-1A3956D46DE8}") = "20230314", "20230314", "{78546FFB-000B-4079-ABED-A0E0122D2BF0}"
EndProject
Project("{9A19103F-16F7-4668-BE54-9A1E7A4F7556}") = "Aufgabe.Schule", "Aufgabe.Schule\Aufgabe.Schule.csproj", "{482AB105-9AD7-4EDA-A6D9-8C6A0BD77858}"
EndProject
Project("{9A19103F-16F7-4668-BE54-9A1E7A4F7556}") = "Aufgabe.Lohnabrechnung", "Aufgabe.Lohnabrechnung\Aufgabe.Lohnabrechnung.csproj", "{B212BB91-95CC-4BCE-B528-C1020D2A2207}"
EndProject
Project("{2150E333-8FDC-42A3-9474-1A3956D46DE8}") = "20230317", "20230317", "{40F2EF58-0A71-4F68-8921-C1F5654A1A1A}"
EndProject
Project("{9A19103F-16F7-4668-BE54-9A1E7A4F7556}") = "Aufgabe.Zoo", "Aufgabe.Zoo\Aufgabe.Zoo.csproj", "{A05BED0B-460F-45E0-87DB-1E9DDF4B2B76}"
EndProject
Project("{2150E333-8FDC-42A3-9474-1A3956D46DE8}") = "20230320", "20230320", "{B5EBE7D0-C970-44B6-B3C1-3F1C1DAA8D38}"
EndProject
Project("{9A19103F-16F7-4668-BE54-9A1E7A4F7556}") = "Beispiel.Konstruktoren.Vererbung", "Beispiel.Konstruktoren.Vererbung\Beispiel.Konstruktoren.Vererbung.csproj", "{468542A1-6F6B-43E0-B55D-C726B607ED1B}"
EndProject
Project("{9A19103F-16F7-4668-BE54-9A1E7A4F7556}") = "Aufgabe.Moped", "Aufgabe.Moped\Aufgabe.Moped.csproj", "{E858C897-6C18-4435-ADA8-1FBCDCCCDD42}"
EndProject
Project("{2150E333-8FDC-42A3-9474-1A3956D46DE8}") = "20230321", "20230321", "{C9109E66-B819-4184-BB3D-35C178A987CA}"
EndProject
Project("{9A19103F-16F7-4668-BE54-9A1E7A4F7556}") = "Beispiel.Ueberschreiben", "Beispiel.Ueberschreiben\Beispiel.Ueberschreiben.csproj", "{0EEFBD30-84A9-4EFD-BEF8-0DEAB754E667}"
EndProject
Project("{9A19103F-16F7-4668-BE54-9A1E7A4F7556}") = "Aufgabe.Warenkorb", "Aufgabe.Warenkorb\Aufgabe.Warenkorb.csproj", "{90939909-6980-4F44-9244-49C74C05DD8C}"
EndProject
Project("{2150E333-8FDC-42A3-9474-1A3956D46DE8}") = "20230322", "20230322", "{CC4788DA-EFAE-4005-84DC-A2B7BF965C22}"
EndProject
Project("{9A19103F-16F7-4668-BE54-9A1E7A4F7556}") = "Aufgabe.AudioPlayer", "Aufgabe.AudioPlayer\Aufgabe.AudioPlayer.csproj", "{221DC73D-6CFE-4787-8895-A36C8C37DA53}"
EndProject
Project("{2150E333-8FDC-42A3-9474-1A3956D46DE8}") = "20230323", "20230323", "{50BF7DB8-D125-43E6-9404-0B8159E6904F}"
EndProject
Project("{9A19103F-16F7-4668-BE54-9A1E7A4F7556}") = "Beispiel.Interfaces", "Beispiel.Interfaces\Beispiel.Interfaces.csproj", "{9A7B0ABB-01EB-405B-9E00-29D7352215A2}"
EndProject
Project("{9A19103F-16F7-4668-BE54-9A1E7A4F7556}") = "Beispiel.Interfaces2", "Beispiel.Interfaces2\Beispiel.Interfaces2.csproj", "{97994283-98E0-4AB5-A721-498B07C6E583}"
EndProject
Project("{2150E333-8FDC-42A3-9474-1A3956D46DE8}") = "20230328", "20230328", "{9BD0527F-6C0B-46D5-AEB8-D7F1D57AE4EC}"
EndProject
Project("{9A19103F-16F7-4668-BE54-9A1E7A4F7556}") = "Aufgabe.Fahrtenbuch", "Aufgabe.Fahrtenbuch\Aufgabe.Fahrtenbuch.csproj", "{2598B1B8-EF70-49F6-8C2F-38831A7BB24A}"
EndProject
Project("{2150E333-8FDC-42A3-9474-1A3956D46DE8}") = "20230329", "20230329", "{F1CBC98E-97F1-4D2D-AC16-7C6A2A97FBCB}"
EndProject
Project("{9A19103F-16F7-4668-BE54-9A1E7A4F7556}") = "Beispiel.Exceptions", "Beispiel.Exceptions\Beispiel.Exceptions.csproj", "{1DA6F34F-17C3-4822-AC8A-811CD6DBCD93}"
EndProject
Project("{9A19103F-16F7-4668-BE54-9A1E7A4F7556}") = "Beispiel.Exceptions2", "Beispiel.Exceptions2\Beispiel.Exceptions2.csproj", "{B5E14F05-9C73-46B6-8325-04846B0B2B1D}"
EndProject
Project("{9A19103F-16F7-4668-BE54-9A1E7A4F7556}") = "Beispiel.Rekursion", "Beispiel.Rekursion\Beispiel.Rekursion.csproj", "{4C340842-DED0-44F4-86C2-486A75EC4F19}"
EndProject
Project("{2150E333-8FDC-42A3-9474-1A3956D46DE8}") = "20230330", "20230330", "{95FE47B1-54ED-4B35-B17F-6EC71B13D3F8}"
EndProject
Project("{9A19103F-16F7-4668-BE54-9A1E7A4F7556}") = "Aufgabe.Caeserverschluesselung", "Aufgabe.Caeserverschluesselung\Aufgabe.Caeserverschluesselung.csproj", "{53816CFF-CD7F-4E50-9F6E-B52902FE8489}"
EndProject
Project("{2150E333-8FDC-42A3-9474-1A3956D46DE8}") = "20230331", "20230331", "{55000EAF-4097-489D-8C6A-39368BBADABC}"
EndProject
Project("{9A19103F-16F7-4668-BE54-9A1E7A4F7556}") = "Beispiel.Stringbuilder", "Beispiel.Stringbuilder\Beispiel.Stringbuilder.csproj", "{C64DD129-9089-472C-8BED-E8DFD3B02855}"
EndProject
Project("{9A19103F-16F7-4668-BE54-9A1E7A4F7556}") = "Aufgabe.IBAN", "Aufgabe.IBAN\Aufgabe.IBAN.csproj", "{A262FF37-1186-4A90-AFB1-D7EC41E26819}"
EndProject
Project("{2150E333-8FDC-42A3-9474-1A3956D46DE8}") = "20230403", "20230403", "{C69E06BF-9607-464A-9C60-63CF3E1D5E3F}"
EndProject
Project("{9A19103F-16F7-4668-BE54-9A1E7A4F7556}") = "Beispiel.Generics", "Beispiel.Generics\Beispiel.Generics.csproj", "{FBF431B2-AA14-460E-B98B-8E83548A59E2}"
EndProject
Project("{9A19103F-16F7-4668-BE54-9A1E7A4F7556}") = "Aufgabe.Generics", "Aufgabe.Generics\Aufgabe.Generics.csproj", "{71B009FF-EFE5-43A1-AA6B-7D7AEBBE1CD2}"
EndProject
Project("{2150E333-8FDC-42A3-9474-1A3956D46DE8}") = "20230404", "20230404", "{F0996143-22D3-4DBB-8129-5A291E05A9CA}"
EndProject
Project("{9A19103F-16F7-4668-BE54-9A1E7A4F7556}") = "Beispiel.Collections", "Beispiel.Collections\Beispiel.Collections.csproj", "{6EFE5298-EF53-4CFE-BDB5-67702D0F8446}"
EndProject
Project("{9A19103F-16F7-4668-BE54-9A1E7A4F7556}") = "Aufgabe.Collections", "Aufgabe.Collections\Aufgabe.Collections.csproj", "{8F7915BD-47D5-4A26-BAC9-B151F0A73122}"
EndProject
Project("{2150E333-8FDC-42A3-9474-1A3956D46DE8}") = "20230405", "20230405", "{122AB14F-B8C2-47CE-8609-3AD7F87C19D8}"
EndProject
Project("{FAE04EC0-301F-11D3-BF4B-00C04F79EFBC}") = "Aufgabe.Collections2", "Aufgabe.Collections2\Aufgabe.Collections2.csproj", "{CFA36D88-E068-4064-A039-0FDD0E864C0F}"
EndProject
Global
	GlobalSection(SolutionConfigurationPlatforms) = preSolution
		Debug|Any CPU = Debug|Any CPU
		Release|Any CPU = Release|Any CPU
	EndGlobalSection
	GlobalSection(ProjectConfigurationPlatforms) = postSolution
		{46C8C1DE-0C31-4D94-B8EF-5A5F1D4D6761}.Debug|Any CPU.ActiveCfg = Debug|Any CPU
		{46C8C1DE-0C31-4D94-B8EF-5A5F1D4D6761}.Debug|Any CPU.Build.0 = Debug|Any CPU
		{46C8C1DE-0C31-4D94-B8EF-5A5F1D4D6761}.Release|Any CPU.ActiveCfg = Release|Any CPU
		{46C8C1DE-0C31-4D94-B8EF-5A5F1D4D6761}.Release|Any CPU.Build.0 = Release|Any CPU
		{A89274B0-C7BF-4EBC-A4EA-AE07A3A3A8C1}.Debug|Any CPU.ActiveCfg = Debug|Any CPU
		{A89274B0-C7BF-4EBC-A4EA-AE07A3A3A8C1}.Debug|Any CPU.Build.0 = Debug|Any CPU
		{A89274B0-C7BF-4EBC-A4EA-AE07A3A3A8C1}.Release|Any CPU.ActiveCfg = Release|Any CPU
		{A89274B0-C7BF-4EBC-A4EA-AE07A3A3A8C1}.Release|Any CPU.Build.0 = Release|Any CPU
		{BCEBDACE-1E29-4A49-AC3E-0CAA5B31A452}.Debug|Any CPU.ActiveCfg = Debug|Any CPU
		{BCEBDACE-1E29-4A49-AC3E-0CAA5B31A452}.Debug|Any CPU.Build.0 = Debug|Any CPU
		{BCEBDACE-1E29-4A49-AC3E-0CAA5B31A452}.Release|Any CPU.ActiveCfg = Release|Any CPU
		{BCEBDACE-1E29-4A49-AC3E-0CAA5B31A452}.Release|Any CPU.Build.0 = Release|Any CPU
		{941AA7D2-E97A-447E-89E5-948FD954641B}.Debug|Any CPU.ActiveCfg = Debug|Any CPU
		{941AA7D2-E97A-447E-89E5-948FD954641B}.Debug|Any CPU.Build.0 = Debug|Any CPU
		{941AA7D2-E97A-447E-89E5-948FD954641B}.Release|Any CPU.ActiveCfg = Release|Any CPU
		{941AA7D2-E97A-447E-89E5-948FD954641B}.Release|Any CPU.Build.0 = Release|Any CPU
		{2A01BC0B-B6CD-44F4-9E28-AB1E88622CA3}.Debug|Any CPU.ActiveCfg = Debug|Any CPU
		{2A01BC0B-B6CD-44F4-9E28-AB1E88622CA3}.Debug|Any CPU.Build.0 = Debug|Any CPU
		{2A01BC0B-B6CD-44F4-9E28-AB1E88622CA3}.Release|Any CPU.ActiveCfg = Release|Any CPU
		{2A01BC0B-B6CD-44F4-9E28-AB1E88622CA3}.Release|Any CPU.Build.0 = Release|Any CPU
		{BD587038-292B-4733-874E-7795844D585C}.Debug|Any CPU.ActiveCfg = Debug|Any CPU
		{BD587038-292B-4733-874E-7795844D585C}.Debug|Any CPU.Build.0 = Debug|Any CPU
		{BD587038-292B-4733-874E-7795844D585C}.Release|Any CPU.ActiveCfg = Release|Any CPU
		{BD587038-292B-4733-874E-7795844D585C}.Release|Any CPU.Build.0 = Release|Any CPU
		{C0C9E8D3-192C-45BF-870B-330CE64DEA2A}.Debug|Any CPU.ActiveCfg = Debug|Any CPU
		{C0C9E8D3-192C-45BF-870B-330CE64DEA2A}.Debug|Any CPU.Build.0 = Debug|Any CPU
		{C0C9E8D3-192C-45BF-870B-330CE64DEA2A}.Release|Any CPU.ActiveCfg = Release|Any CPU
		{C0C9E8D3-192C-45BF-870B-330CE64DEA2A}.Release|Any CPU.Build.0 = Release|Any CPU
		{86A82528-D162-42D7-BF34-BC75CB0C39AD}.Debug|Any CPU.ActiveCfg = Debug|Any CPU
		{86A82528-D162-42D7-BF34-BC75CB0C39AD}.Debug|Any CPU.Build.0 = Debug|Any CPU
		{86A82528-D162-42D7-BF34-BC75CB0C39AD}.Release|Any CPU.ActiveCfg = Release|Any CPU
		{86A82528-D162-42D7-BF34-BC75CB0C39AD}.Release|Any CPU.Build.0 = Release|Any CPU
		{E22C96FA-F8C8-47D0-8C3B-C57720DE52AF}.Debug|Any CPU.ActiveCfg = Debug|Any CPU
		{E22C96FA-F8C8-47D0-8C3B-C57720DE52AF}.Debug|Any CPU.Build.0 = Debug|Any CPU
		{E22C96FA-F8C8-47D0-8C3B-C57720DE52AF}.Release|Any CPU.ActiveCfg = Release|Any CPU
		{E22C96FA-F8C8-47D0-8C3B-C57720DE52AF}.Release|Any CPU.Build.0 = Release|Any CPU
		{178C2324-4CC2-46E3-B8AC-BB449EC20A8F}.Debug|Any CPU.ActiveCfg = Debug|Any CPU
		{178C2324-4CC2-46E3-B8AC-BB449EC20A8F}.Debug|Any CPU.Build.0 = Debug|Any CPU
		{178C2324-4CC2-46E3-B8AC-BB449EC20A8F}.Release|Any CPU.ActiveCfg = Release|Any CPU
		{178C2324-4CC2-46E3-B8AC-BB449EC20A8F}.Release|Any CPU.Build.0 = Release|Any CPU
		{1E7F788C-032B-43F8-A117-BAD4197F5236}.Debug|Any CPU.ActiveCfg = Debug|Any CPU
		{1E7F788C-032B-43F8-A117-BAD4197F5236}.Debug|Any CPU.Build.0 = Debug|Any CPU
		{1E7F788C-032B-43F8-A117-BAD4197F5236}.Release|Any CPU.ActiveCfg = Release|Any CPU
		{1E7F788C-032B-43F8-A117-BAD4197F5236}.Release|Any CPU.Build.0 = Release|Any CPU
		{A35F66C1-6290-4DE0-9217-836D3BD4D203}.Debug|Any CPU.ActiveCfg = Debug|Any CPU
		{A35F66C1-6290-4DE0-9217-836D3BD4D203}.Debug|Any CPU.Build.0 = Debug|Any CPU
		{A35F66C1-6290-4DE0-9217-836D3BD4D203}.Release|Any CPU.ActiveCfg = Release|Any CPU
		{A35F66C1-6290-4DE0-9217-836D3BD4D203}.Release|Any CPU.Build.0 = Release|Any CPU
		{0E918439-A62C-4E96-B616-1B197615CD42}.Debug|Any CPU.ActiveCfg = Debug|Any CPU
		{0E918439-A62C-4E96-B616-1B197615CD42}.Debug|Any CPU.Build.0 = Debug|Any CPU
		{0E918439-A62C-4E96-B616-1B197615CD42}.Release|Any CPU.ActiveCfg = Release|Any CPU
		{0E918439-A62C-4E96-B616-1B197615CD42}.Release|Any CPU.Build.0 = Release|Any CPU
		{E4390933-1FFC-44CA-ADBC-60C59D92D00A}.Debug|Any CPU.ActiveCfg = Debug|Any CPU
		{E4390933-1FFC-44CA-ADBC-60C59D92D00A}.Debug|Any CPU.Build.0 = Debug|Any CPU
		{E4390933-1FFC-44CA-ADBC-60C59D92D00A}.Release|Any CPU.ActiveCfg = Release|Any CPU
		{E4390933-1FFC-44CA-ADBC-60C59D92D00A}.Release|Any CPU.Build.0 = Release|Any CPU
		{290C67BE-F3DA-4071-BB48-13C5B34768EF}.Debug|Any CPU.ActiveCfg = Debug|Any CPU
		{290C67BE-F3DA-4071-BB48-13C5B34768EF}.Debug|Any CPU.Build.0 = Debug|Any CPU
		{290C67BE-F3DA-4071-BB48-13C5B34768EF}.Release|Any CPU.ActiveCfg = Release|Any CPU
		{290C67BE-F3DA-4071-BB48-13C5B34768EF}.Release|Any CPU.Build.0 = Release|Any CPU
		{44BC5653-DCA2-4808-B6CF-47E9FECA6AA5}.Debug|Any CPU.ActiveCfg = Debug|Any CPU
		{44BC5653-DCA2-4808-B6CF-47E9FECA6AA5}.Debug|Any CPU.Build.0 = Debug|Any CPU
		{44BC5653-DCA2-4808-B6CF-47E9FECA6AA5}.Release|Any CPU.ActiveCfg = Release|Any CPU
		{44BC5653-DCA2-4808-B6CF-47E9FECA6AA5}.Release|Any CPU.Build.0 = Release|Any CPU
		{6C8C648E-2B6F-466D-A9BB-F05EF6D06F43}.Debug|Any CPU.ActiveCfg = Debug|Any CPU
		{6C8C648E-2B6F-466D-A9BB-F05EF6D06F43}.Debug|Any CPU.Build.0 = Debug|Any CPU
		{6C8C648E-2B6F-466D-A9BB-F05EF6D06F43}.Release|Any CPU.ActiveCfg = Release|Any CPU
		{6C8C648E-2B6F-466D-A9BB-F05EF6D06F43}.Release|Any CPU.Build.0 = Release|Any CPU
		{0068BD6C-628F-4589-AC56-C718945C9B43}.Debug|Any CPU.ActiveCfg = Debug|Any CPU
		{0068BD6C-628F-4589-AC56-C718945C9B43}.Debug|Any CPU.Build.0 = Debug|Any CPU
		{0068BD6C-628F-4589-AC56-C718945C9B43}.Release|Any CPU.ActiveCfg = Release|Any CPU
		{0068BD6C-628F-4589-AC56-C718945C9B43}.Release|Any CPU.Build.0 = Release|Any CPU
		{482AB105-9AD7-4EDA-A6D9-8C6A0BD77858}.Debug|Any CPU.ActiveCfg = Debug|Any CPU
		{482AB105-9AD7-4EDA-A6D9-8C6A0BD77858}.Debug|Any CPU.Build.0 = Debug|Any CPU
		{482AB105-9AD7-4EDA-A6D9-8C6A0BD77858}.Release|Any CPU.ActiveCfg = Release|Any CPU
		{482AB105-9AD7-4EDA-A6D9-8C6A0BD77858}.Release|Any CPU.Build.0 = Release|Any CPU
		{B212BB91-95CC-4BCE-B528-C1020D2A2207}.Debug|Any CPU.ActiveCfg = Debug|Any CPU
		{B212BB91-95CC-4BCE-B528-C1020D2A2207}.Debug|Any CPU.Build.0 = Debug|Any CPU
		{B212BB91-95CC-4BCE-B528-C1020D2A2207}.Release|Any CPU.ActiveCfg = Release|Any CPU
		{B212BB91-95CC-4BCE-B528-C1020D2A2207}.Release|Any CPU.Build.0 = Release|Any CPU
		{A05BED0B-460F-45E0-87DB-1E9DDF4B2B76}.Debug|Any CPU.ActiveCfg = Debug|Any CPU
		{A05BED0B-460F-45E0-87DB-1E9DDF4B2B76}.Debug|Any CPU.Build.0 = Debug|Any CPU
		{A05BED0B-460F-45E0-87DB-1E9DDF4B2B76}.Release|Any CPU.ActiveCfg = Release|Any CPU
		{A05BED0B-460F-45E0-87DB-1E9DDF4B2B76}.Release|Any CPU.Build.0 = Release|Any CPU
		{468542A1-6F6B-43E0-B55D-C726B607ED1B}.Debug|Any CPU.ActiveCfg = Debug|Any CPU
		{468542A1-6F6B-43E0-B55D-C726B607ED1B}.Debug|Any CPU.Build.0 = Debug|Any CPU
		{468542A1-6F6B-43E0-B55D-C726B607ED1B}.Release|Any CPU.ActiveCfg = Release|Any CPU
		{468542A1-6F6B-43E0-B55D-C726B607ED1B}.Release|Any CPU.Build.0 = Release|Any CPU
		{E858C897-6C18-4435-ADA8-1FBCDCCCDD42}.Debug|Any CPU.ActiveCfg = Debug|Any CPU
		{E858C897-6C18-4435-ADA8-1FBCDCCCDD42}.Debug|Any CPU.Build.0 = Debug|Any CPU
		{E858C897-6C18-4435-ADA8-1FBCDCCCDD42}.Release|Any CPU.ActiveCfg = Release|Any CPU
		{E858C897-6C18-4435-ADA8-1FBCDCCCDD42}.Release|Any CPU.Build.0 = Release|Any CPU
		{0EEFBD30-84A9-4EFD-BEF8-0DEAB754E667}.Debug|Any CPU.ActiveCfg = Debug|Any CPU
		{0EEFBD30-84A9-4EFD-BEF8-0DEAB754E667}.Debug|Any CPU.Build.0 = Debug|Any CPU
		{0EEFBD30-84A9-4EFD-BEF8-0DEAB754E667}.Release|Any CPU.ActiveCfg = Release|Any CPU
		{0EEFBD30-84A9-4EFD-BEF8-0DEAB754E667}.Release|Any CPU.Build.0 = Release|Any CPU
		{90939909-6980-4F44-9244-49C74C05DD8C}.Debug|Any CPU.ActiveCfg = Debug|Any CPU
		{90939909-6980-4F44-9244-49C74C05DD8C}.Debug|Any CPU.Build.0 = Debug|Any CPU
		{90939909-6980-4F44-9244-49C74C05DD8C}.Release|Any CPU.ActiveCfg = Release|Any CPU
		{90939909-6980-4F44-9244-49C74C05DD8C}.Release|Any CPU.Build.0 = Release|Any CPU
		{221DC73D-6CFE-4787-8895-A36C8C37DA53}.Debug|Any CPU.ActiveCfg = Debug|Any CPU
		{221DC73D-6CFE-4787-8895-A36C8C37DA53}.Debug|Any CPU.Build.0 = Debug|Any CPU
		{221DC73D-6CFE-4787-8895-A36C8C37DA53}.Release|Any CPU.ActiveCfg = Release|Any CPU
		{221DC73D-6CFE-4787-8895-A36C8C37DA53}.Release|Any CPU.Build.0 = Release|Any CPU
		{9A7B0ABB-01EB-405B-9E00-29D7352215A2}.Debug|Any CPU.ActiveCfg = Debug|Any CPU
		{9A7B0ABB-01EB-405B-9E00-29D7352215A2}.Debug|Any CPU.Build.0 = Debug|Any CPU
		{9A7B0ABB-01EB-405B-9E00-29D7352215A2}.Release|Any CPU.ActiveCfg = Release|Any CPU
		{9A7B0ABB-01EB-405B-9E00-29D7352215A2}.Release|Any CPU.Build.0 = Release|Any CPU
		{97994283-98E0-4AB5-A721-498B07C6E583}.Debug|Any CPU.ActiveCfg = Debug|Any CPU
		{97994283-98E0-4AB5-A721-498B07C6E583}.Debug|Any CPU.Build.0 = Debug|Any CPU
		{97994283-98E0-4AB5-A721-498B07C6E583}.Release|Any CPU.ActiveCfg = Release|Any CPU
		{97994283-98E0-4AB5-A721-498B07C6E583}.Release|Any CPU.Build.0 = Release|Any CPU
		{2598B1B8-EF70-49F6-8C2F-38831A7BB24A}.Debug|Any CPU.ActiveCfg = Debug|Any CPU
		{2598B1B8-EF70-49F6-8C2F-38831A7BB24A}.Debug|Any CPU.Build.0 = Debug|Any CPU
		{2598B1B8-EF70-49F6-8C2F-38831A7BB24A}.Release|Any CPU.ActiveCfg = Release|Any CPU
		{2598B1B8-EF70-49F6-8C2F-38831A7BB24A}.Release|Any CPU.Build.0 = Release|Any CPU
		{1DA6F34F-17C3-4822-AC8A-811CD6DBCD93}.Debug|Any CPU.ActiveCfg = Debug|Any CPU
		{1DA6F34F-17C3-4822-AC8A-811CD6DBCD93}.Debug|Any CPU.Build.0 = Debug|Any CPU
		{1DA6F34F-17C3-4822-AC8A-811CD6DBCD93}.Release|Any CPU.ActiveCfg = Release|Any CPU
		{1DA6F34F-17C3-4822-AC8A-811CD6DBCD93}.Release|Any CPU.Build.0 = Release|Any CPU
		{B5E14F05-9C73-46B6-8325-04846B0B2B1D}.Debug|Any CPU.ActiveCfg = Debug|Any CPU
		{B5E14F05-9C73-46B6-8325-04846B0B2B1D}.Debug|Any CPU.Build.0 = Debug|Any CPU
		{B5E14F05-9C73-46B6-8325-04846B0B2B1D}.Release|Any CPU.ActiveCfg = Release|Any CPU
		{B5E14F05-9C73-46B6-8325-04846B0B2B1D}.Release|Any CPU.Build.0 = Release|Any CPU
		{4C340842-DED0-44F4-86C2-486A75EC4F19}.Debug|Any CPU.ActiveCfg = Debug|Any CPU
		{4C340842-DED0-44F4-86C2-486A75EC4F19}.Debug|Any CPU.Build.0 = Debug|Any CPU
		{4C340842-DED0-44F4-86C2-486A75EC4F19}.Release|Any CPU.ActiveCfg = Release|Any CPU
		{4C340842-DED0-44F4-86C2-486A75EC4F19}.Release|Any CPU.Build.0 = Release|Any CPU
		{53816CFF-CD7F-4E50-9F6E-B52902FE8489}.Debug|Any CPU.ActiveCfg = Debug|Any CPU
		{53816CFF-CD7F-4E50-9F6E-B52902FE8489}.Debug|Any CPU.Build.0 = Debug|Any CPU
		{53816CFF-CD7F-4E50-9F6E-B52902FE8489}.Release|Any CPU.ActiveCfg = Release|Any CPU
		{53816CFF-CD7F-4E50-9F6E-B52902FE8489}.Release|Any CPU.Build.0 = Release|Any CPU
		{C64DD129-9089-472C-8BED-E8DFD3B02855}.Debug|Any CPU.ActiveCfg = Debug|Any CPU
		{C64DD129-9089-472C-8BED-E8DFD3B02855}.Debug|Any CPU.Build.0 = Debug|Any CPU
		{C64DD129-9089-472C-8BED-E8DFD3B02855}.Release|Any CPU.ActiveCfg = Release|Any CPU
		{C64DD129-9089-472C-8BED-E8DFD3B02855}.Release|Any CPU.Build.0 = Release|Any CPU
		{A262FF37-1186-4A90-AFB1-D7EC41E26819}.Debug|Any CPU.ActiveCfg = Debug|Any CPU
		{A262FF37-1186-4A90-AFB1-D7EC41E26819}.Debug|Any CPU.Build.0 = Debug|Any CPU
		{A262FF37-1186-4A90-AFB1-D7EC41E26819}.Release|Any CPU.ActiveCfg = Release|Any CPU
		{A262FF37-1186-4A90-AFB1-D7EC41E26819}.Release|Any CPU.Build.0 = Release|Any CPU
		{FBF431B2-AA14-460E-B98B-8E83548A59E2}.Debug|Any CPU.ActiveCfg = Debug|Any CPU
		{FBF431B2-AA14-460E-B98B-8E83548A59E2}.Debug|Any CPU.Build.0 = Debug|Any CPU
		{FBF431B2-AA14-460E-B98B-8E83548A59E2}.Release|Any CPU.ActiveCfg = Release|Any CPU
		{FBF431B2-AA14-460E-B98B-8E83548A59E2}.Release|Any CPU.Build.0 = Release|Any CPU
		{71B009FF-EFE5-43A1-AA6B-7D7AEBBE1CD2}.Debug|Any CPU.ActiveCfg = Debug|Any CPU
		{71B009FF-EFE5-43A1-AA6B-7D7AEBBE1CD2}.Debug|Any CPU.Build.0 = Debug|Any CPU
		{71B009FF-EFE5-43A1-AA6B-7D7AEBBE1CD2}.Release|Any CPU.ActiveCfg = Release|Any CPU
		{71B009FF-EFE5-43A1-AA6B-7D7AEBBE1CD2}.Release|Any CPU.Build.0 = Release|Any CPU
		{6EFE5298-EF53-4CFE-BDB5-67702D0F8446}.Debug|Any CPU.ActiveCfg = Debug|Any CPU
		{6EFE5298-EF53-4CFE-BDB5-67702D0F8446}.Debug|Any CPU.Build.0 = Debug|Any CPU
		{6EFE5298-EF53-4CFE-BDB5-67702D0F8446}.Release|Any CPU.ActiveCfg = Release|Any CPU
		{6EFE5298-EF53-4CFE-BDB5-67702D0F8446}.Release|Any CPU.Build.0 = Release|Any CPU
		{8F7915BD-47D5-4A26-BAC9-B151F0A73122}.Debug|Any CPU.ActiveCfg = Debug|Any CPU
		{8F7915BD-47D5-4A26-BAC9-B151F0A73122}.Debug|Any CPU.Build.0 = Debug|Any CPU
		{8F7915BD-47D5-4A26-BAC9-B151F0A73122}.Release|Any CPU.ActiveCfg = Release|Any CPU
		{8F7915BD-47D5-4A26-BAC9-B151F0A73122}.Release|Any CPU.Build.0 = Release|Any CPU
		{CFA36D88-E068-4064-A039-0FDD0E864C0F}.Debug|Any CPU.ActiveCfg = Debug|Any CPU
		{CFA36D88-E068-4064-A039-0FDD0E864C0F}.Debug|Any CPU.Build.0 = Debug|Any CPU
		{CFA36D88-E068-4064-A039-0FDD0E864C0F}.Release|Any CPU.ActiveCfg = Release|Any CPU
		{CFA36D88-E068-4064-A039-0FDD0E864C0F}.Release|Any CPU.Build.0 = Release|Any CPU
	EndGlobalSection
	GlobalSection(SolutionProperties) = preSolution
		HideSolutionNode = FALSE
	EndGlobalSection
	GlobalSection(NestedProjects) = preSolution
		{46C8C1DE-0C31-4D94-B8EF-5A5F1D4D6761} = {EAADB60E-090C-43C3-BDAF-7226B345604A}
		{A89274B0-C7BF-4EBC-A4EA-AE07A3A3A8C1} = {EAADB60E-090C-43C3-BDAF-7226B345604A}
		{BCEBDACE-1E29-4A49-AC3E-0CAA5B31A452} = {EAADB60E-090C-43C3-BDAF-7226B345604A}
		{941AA7D2-E97A-447E-89E5-948FD954641B} = {5F54564F-D562-41D2-8A63-B8EF68240F08}
		{2A01BC0B-B6CD-44F4-9E28-AB1E88622CA3} = {F6B9C4D8-1516-40EB-9109-4A88E0BBAD1C}
		{BD587038-292B-4733-874E-7795844D585C} = {37C39F6E-E5E1-411B-B6B0-7CB5FA94A920}
		{C0C9E8D3-192C-45BF-870B-330CE64DEA2A} = {BA4F3847-740D-44BC-A5F3-6F0B34E07A27}
		{86A82528-D162-42D7-BF34-BC75CB0C39AD} = {0BB12814-0DE9-4999-B28D-B6AE61941FFA}
		{E22C96FA-F8C8-47D0-8C3B-C57720DE52AF} = {F6B9C4D8-1516-40EB-9109-4A88E0BBAD1C}
		{178C2324-4CC2-46E3-B8AC-BB449EC20A8F} = {B73D753A-5BB2-4728-B6C2-374F8D284E5B}
		{1E7F788C-032B-43F8-A117-BAD4197F5236} = {B73D753A-5BB2-4728-B6C2-374F8D284E5B}
		{A35F66C1-6290-4DE0-9217-836D3BD4D203} = {B73D753A-5BB2-4728-B6C2-374F8D284E5B}
		{0E918439-A62C-4E96-B616-1B197615CD42} = {B73D753A-5BB2-4728-B6C2-374F8D284E5B}
		{E4390933-1FFC-44CA-ADBC-60C59D92D00A} = {5F54564F-D562-41D2-8A63-B8EF68240F08}
		{290C67BE-F3DA-4071-BB48-13C5B34768EF} = {5F54564F-D562-41D2-8A63-B8EF68240F08}
		{44BC5653-DCA2-4808-B6CF-47E9FECA6AA5} = {5F54564F-D562-41D2-8A63-B8EF68240F08}
		{6C8C648E-2B6F-466D-A9BB-F05EF6D06F43} = {F8A23B16-A518-4AC9-BC1D-478A0857A5AE}
		{0068BD6C-628F-4589-AC56-C718945C9B43} = {F8A23B16-A518-4AC9-BC1D-478A0857A5AE}
		{482AB105-9AD7-4EDA-A6D9-8C6A0BD77858} = {78546FFB-000B-4079-ABED-A0E0122D2BF0}
		{B212BB91-95CC-4BCE-B528-C1020D2A2207} = {F8A23B16-A518-4AC9-BC1D-478A0857A5AE}
		{A05BED0B-460F-45E0-87DB-1E9DDF4B2B76} = {40F2EF58-0A71-4F68-8921-C1F5654A1A1A}
		{468542A1-6F6B-43E0-B55D-C726B607ED1B} = {B5EBE7D0-C970-44B6-B3C1-3F1C1DAA8D38}
		{E858C897-6C18-4435-ADA8-1FBCDCCCDD42} = {B5EBE7D0-C970-44B6-B3C1-3F1C1DAA8D38}
		{0EEFBD30-84A9-4EFD-BEF8-0DEAB754E667} = {C9109E66-B819-4184-BB3D-35C178A987CA}
		{90939909-6980-4F44-9244-49C74C05DD8C} = {C9109E66-B819-4184-BB3D-35C178A987CA}
		{221DC73D-6CFE-4787-8895-A36C8C37DA53} = {CC4788DA-EFAE-4005-84DC-A2B7BF965C22}
		{9A7B0ABB-01EB-405B-9E00-29D7352215A2} = {50BF7DB8-D125-43E6-9404-0B8159E6904F}
		{97994283-98E0-4AB5-A721-498B07C6E583} = {50BF7DB8-D125-43E6-9404-0B8159E6904F}
		{2598B1B8-EF70-49F6-8C2F-38831A7BB24A} = {9BD0527F-6C0B-46D5-AEB8-D7F1D57AE4EC}
		{1DA6F34F-17C3-4822-AC8A-811CD6DBCD93} = {F1CBC98E-97F1-4D2D-AC16-7C6A2A97FBCB}
		{B5E14F05-9C73-46B6-8325-04846B0B2B1D} = {F1CBC98E-97F1-4D2D-AC16-7C6A2A97FBCB}
		{4C340842-DED0-44F4-86C2-486A75EC4F19} = {F1CBC98E-97F1-4D2D-AC16-7C6A2A97FBCB}
		{53816CFF-CD7F-4E50-9F6E-B52902FE8489} = {95FE47B1-54ED-4B35-B17F-6EC71B13D3F8}
		{C64DD129-9089-472C-8BED-E8DFD3B02855} = {55000EAF-4097-489D-8C6A-39368BBADABC}
		{A262FF37-1186-4A90-AFB1-D7EC41E26819} = {55000EAF-4097-489D-8C6A-39368BBADABC}
		{FBF431B2-AA14-460E-B98B-8E83548A59E2} = {C69E06BF-9607-464A-9C60-63CF3E1D5E3F}
		{71B009FF-EFE5-43A1-AA6B-7D7AEBBE1CD2} = {C69E06BF-9607-464A-9C60-63CF3E1D5E3F}
		{6EFE5298-EF53-4CFE-BDB5-67702D0F8446} = {F0996143-22D3-4DBB-8129-5A291E05A9CA}
		{8F7915BD-47D5-4A26-BAC9-B151F0A73122} = {F0996143-22D3-4DBB-8129-5A291E05A9CA}
		{CFA36D88-E068-4064-A039-0FDD0E864C0F} = {122AB14F-B8C2-47CE-8609-3AD7F87C19D8}
	EndGlobalSection
	GlobalSection(ExtensibilityGlobals) = postSolution
		SolutionGuid = {FDBBC5BC-8122-487C-BB39-E6C1996ACEC3}
	EndGlobalSection
EndGlobal
